
Microsoft Visual Studio Solution File, Format Version 12.00
# Visual Studio Version 16
VisualStudioVersion = 16.0.30517.126
MinimumVisualStudioVersion = 10.0.40219.1
Project("{FAE04EC0-301F-11D3-BF4B-00C04F79EFBC}") = "ZOO_main", "ZOO_main\ZOO_main.csproj", "{43355E29-D6EF-4113-99F7-B359C625DC1A}"
EndProject
Global
	GlobalSection(SolutionConfigurationPlatforms) = preSolution
		Debug|Any CPU = Debug|Any CPU
		Release|Any CPU = Release|Any CPU
	EndGlobalSection
	GlobalSection(ProjectConfigurationPlatforms) = postSolution
		{43355E29-D6EF-4113-99F7-B359C625DC1A}.Debug|Any CPU.ActiveCfg = Debug|Any CPU
		{43355E29-D6EF-4113-99F7-B359C625DC1A}.Debug|Any CPU.Build.0 = Debug|Any CPU
		{43355E29-D6EF-4113-99F7-B359C625DC1A}.Release|Any CPU.ActiveCfg = Release|Any CPU
		{43355E29-D6EF-4113-99F7-B359C625DC1A}.Release|Any CPU.Build.0 = Release|Any CPU
	EndGlobalSection
	GlobalSection(SolutionProperties) = preSolution
		HideSolutionNode = FALSE
	EndGlobalSection
	GlobalSection(ExtensibilityGlobals) = postSolution
		SolutionGuid = {CD562358-77DD-4573-A019-86D1CAA05A4B}
	EndGlobalSection
EndGlobal
